
Microsoft Visual Studio Solution File, Format Version 12.00
# Visual Studio Version 16
VisualStudioVersion = 16.0.28917.181
MinimumVisualStudioVersion = 10.0.40219.1
Project("{FAE04EC0-301F-11D3-BF4B-00C04F79EFBC}") = "StringSorter", "StringSorter\StringSorter.csproj", "{FF8F67DE-CF84-45FB-A4B3-CDA59EDBD438}"
EndProject
Project("{FAE04EC0-301F-11D3-BF4B-00C04F79EFBC}") = "NumberSorter", "NumberSorter\NumberSorter.csproj", "{D7DA2121-85EA-4E73-9883-430AD483E59E}"
	ProjectSection(ProjectDependencies) = postProject
		{FF8F67DE-CF84-45FB-A4B3-CDA59EDBD438} = {FF8F67DE-CF84-45FB-A4B3-CDA59EDBD438}
	EndProjectSection
EndProject
Global
	GlobalSection(SolutionConfigurationPlatforms) = preSolution
		Debug|Any CPU = Debug|Any CPU
		Release|Any CPU = Release|Any CPU
	EndGlobalSection
	GlobalSection(ProjectConfigurationPlatforms) = postSolution
		{FF8F67DE-CF84-45FB-A4B3-CDA59EDBD438}.Debug|Any CPU.ActiveCfg = Debug|Any CPU
		{FF8F67DE-CF84-45FB-A4B3-CDA59EDBD438}.Debug|Any CPU.Build.0 = Debug|Any CPU
		{FF8F67DE-CF84-45FB-A4B3-CDA59EDBD438}.Release|Any CPU.ActiveCfg = Release|Any CPU
		{FF8F67DE-CF84-45FB-A4B3-CDA59EDBD438}.Release|Any CPU.Build.0 = Release|Any CPU
		{D7DA2121-85EA-4E73-9883-430AD483E59E}.Debug|Any CPU.ActiveCfg = Debug|Any CPU
		{D7DA2121-85EA-4E73-9883-430AD483E59E}.Debug|Any CPU.Build.0 = Debug|Any CPU
		{D7DA2121-85EA-4E73-9883-430AD483E59E}.Release|Any CPU.ActiveCfg = Release|Any CPU
		{D7DA2121-85EA-4E73-9883-430AD483E59E}.Release|Any CPU.Build.0 = Release|Any CPU
	EndGlobalSection
	GlobalSection(SolutionProperties) = preSolution
		HideSolutionNode = FALSE
	EndGlobalSection
	GlobalSection(ExtensibilityGlobals) = postSolution
		SolutionGuid = {CA0EFCC0-0BCC-4F5E-98B4-D77C14E345E0}
	EndGlobalSection
EndGlobal
